// !$*UTF8*$!
{
	archiveVersion = 1;
	classes = {
	};
	objectVersion = 46;
	objects = {

/* Begin PBXBuildFile section */
		455051181B6176E50096FAD2 /* RenderObject.cpp in Sources */ = {isa = PBXBuildFile; fileRef = 455051171B6176E50096FAD2 /* RenderObject.cpp */; };
		4550511B1B6193070096FAD2 /* VertexFormat.cpp in Sources */ = {isa = PBXBuildFile; fileRef = 4550511A1B6193070096FAD2 /* VertexFormat.cpp */; };
		4550511E1B6503610096FAD2 /* ResourceManager.cpp in Sources */ = {isa = PBXBuildFile; fileRef = 4550511C1B6503610096FAD2 /* ResourceManager.cpp */; };
		4550512B1B6ABFA10096FAD2 /* ImageData.cpp in Sources */ = {isa = PBXBuildFile; fileRef = 455051291B6ABFA10096FAD2 /* ImageData.cpp */; };
		4550512E1B6ABFD90096FAD2 /* Texture.cpp in Sources */ = {isa = PBXBuildFile; fileRef = 4550512C1B6ABFD90096FAD2 /* Texture.cpp */; };
		45E9784F1B34CF0600E11814 /* main.cpp in Sources */ = {isa = PBXBuildFile; fileRef = 45E9784E1B34CF0600E11814 /* main.cpp */; };
		45E978511B34CFA000E11814 /* CoreVideo.framework in Frameworks */ = {isa = PBXBuildFile; fileRef = 45E978501B34CFA000E11814 /* CoreVideo.framework */; };
		45E978531B34CFA600E11814 /* IOKit.framework in Frameworks */ = {isa = PBXBuildFile; fileRef = 45E978521B34CFA600E11814 /* IOKit.framework */; };
		45E978551B34CFB700E11814 /* OpenGL.framework in Frameworks */ = {isa = PBXBuildFile; fileRef = 45E978541B34CFB700E11814 /* OpenGL.framework */; };
		45E978571B34CFC100E11814 /* Cocoa.framework in Frameworks */ = {isa = PBXBuildFile; fileRef = 45E978561B34CFC100E11814 /* Cocoa.framework */; };
		45E978591B34CFC900E11814 /* libglfw3.a in Frameworks */ = {isa = PBXBuildFile; fileRef = 45E978581B34CFC900E11814 /* libglfw3.a */; };
		45E9785F1B34D1C600E11814 /* App.cpp in Sources */ = {isa = PBXBuildFile; fileRef = 45E9785D1B34D1C600E11814 /* App.cpp */; };
		45E978651B34E2BE00E11814 /* Window.cpp in Sources */ = {isa = PBXBuildFile; fileRef = 45E978631B34E2BE00E11814 /* Window.cpp */; };
		45E9786C1B35939300E11814 /* Renderer.cpp in Sources */ = {isa = PBXBuildFile; fileRef = 45E9786A1B35939300E11814 /* Renderer.cpp */; };
		45E978791B3706B800E11814 /* ShaderProgram.cpp in Sources */ = {isa = PBXBuildFile; fileRef = 45E978771B3706B800E11814 /* ShaderProgram.cpp */; };
		45EB3E901B49883100F2092A /* Time.cpp in Sources */ = {isa = PBXBuildFile; fileRef = 45EB3E8E1B49883100F2092A /* Time.cpp */; };
/* End PBXBuildFile section */

/* Begin PBXCopyFilesBuildPhase section */
		45E978411B34CE7500E11814 /* CopyFiles */ = {
			isa = PBXCopyFilesBuildPhase;
			buildActionMask = 2147483647;
			dstPath = /usr/share/man/man1/;
			dstSubfolderSpec = 0;
			files = (
			);
			runOnlyForDeploymentPostprocessing = 1;
		};
/* End PBXCopyFilesBuildPhase section */

/* Begin PBXFileReference section */
		4508A57F1B6EBFA700C965EF /* Material.h */ = {isa = PBXFileReference; lastKnownFileType = sourcecode.c.h; name = Material.h; path = src/Material.h; sourceTree = "<group>"; };
		451C61521B5EF4F900DC1501 /* GeometryBuilder.h */ = {isa = PBXFileReference; lastKnownFileType = sourcecode.c.h; name = GeometryBuilder.h; path = src/GeometryBuilder.h; sourceTree = "<group>"; };
		453596081B768CBE0045DC04 /* JsonReader.h */ = {isa = PBXFileReference; lastKnownFileType = sourcecode.c.h; name = JsonReader.h; path = src/JsonReader.h; sourceTree = "<group>"; };
		453596091B7BAAA80045DC04 /* ReadFile.h */ = {isa = PBXFileReference; lastKnownFileType = sourcecode.c.h; name = ReadFile.h; path = src/ReadFile.h; sourceTree = "<group>"; };
		4535960A1B7BABC40045DC04 /* StringRef.h */ = {isa = PBXFileReference; lastKnownFileType = sourcecode.c.h; name = StringRef.h; path = src/StringRef.h; sourceTree = "<group>"; };
		454546C41B71596C00998248 /* ImmutableString.h */ = {isa = PBXFileReference; lastKnownFileType = sourcecode.c.h; name = ImmutableString.h; path = src/ImmutableString.h; sourceTree = "<group>"; };
		454546C51B74088900998248 /* ShaderUniform.h */ = {isa = PBXFileReference; lastKnownFileType = sourcecode.c.h; name = ShaderUniform.h; path = src/ShaderUniform.h; sourceTree = "<group>"; };
		455051171B6176E50096FAD2 /* RenderObject.cpp */ = {isa = PBXFileReference; fileEncoding = 4; lastKnownFileType = sourcecode.cpp.cpp; name = RenderObject.cpp; path = src/RenderObject.cpp; sourceTree = "<group>"; };
		455051191B618CFF0096FAD2 /* VertexFormat.h */ = {isa = PBXFileReference; lastKnownFileType = sourcecode.c.h; name = VertexFormat.h; path = src/VertexFormat.h; sourceTree = "<group>"; };
		4550511A1B6193070096FAD2 /* VertexFormat.cpp */ = {isa = PBXFileReference; fileEncoding = 4; lastKnownFileType = sourcecode.cpp.cpp; name = VertexFormat.cpp; path = src/VertexFormat.cpp; sourceTree = "<group>"; };
		4550511C1B6503610096FAD2 /* ResourceManager.cpp */ = {isa = PBXFileReference; fileEncoding = 4; lastKnownFileType = sourcecode.cpp.cpp; name = ResourceManager.cpp; path = src/ResourceManager.cpp; sourceTree = "<group>"; };
		4550511D1B6503610096FAD2 /* ResourceManager.h */ = {isa = PBXFileReference; fileEncoding = 4; lastKnownFileType = sourcecode.c.h; name = ResourceManager.h; path = src/ResourceManager.h; sourceTree = "<group>"; };
		455051201B6515620096FAD2 /* Collection.h */ = {isa = PBXFileReference; fileEncoding = 4; lastKnownFileType = sourcecode.c.h; name = Collection.h; path = src/Collection.h; sourceTree = "<group>"; };
		455051291B6ABFA10096FAD2 /* ImageData.cpp */ = {isa = PBXFileReference; fileEncoding = 4; lastKnownFileType = sourcecode.cpp.cpp; name = ImageData.cpp; path = src/ImageData.cpp; sourceTree = "<group>"; };
		4550512A1B6ABFA10096FAD2 /* ImageData.h */ = {isa = PBXFileReference; fileEncoding = 4; lastKnownFileType = sourcecode.c.h; name = ImageData.h; path = src/ImageData.h; sourceTree = "<group>"; };
		4550512C1B6ABFD90096FAD2 /* Texture.cpp */ = {isa = PBXFileReference; fileEncoding = 4; lastKnownFileType = sourcecode.cpp.cpp; name = Texture.cpp; path = src/Texture.cpp; sourceTree = "<group>"; };
		4550512D1B6ABFD90096FAD2 /* Texture.h */ = {isa = PBXFileReference; fileEncoding = 4; lastKnownFileType = sourcecode.c.h; name = Texture.h; path = src/Texture.h; sourceTree = "<group>"; };
		459122AA1B6E71F500CF3D2A /* ObjectId.h */ = {isa = PBXFileReference; lastKnownFileType = sourcecode.c.h; name = ObjectId.h; path = src/ObjectId.h; sourceTree = "<group>"; };
		459122AF1B6E865A00CF3D2A /* Hash.h */ = {isa = PBXFileReference; fileEncoding = 4; lastKnownFileType = sourcecode.c.h; name = Hash.h; path = src/Hash.h; sourceTree = "<group>"; };
		45E978431B34CE7500E11814 /* GraphicsToolkit */ = {isa = PBXFileReference; explicitFileType = "compiled.mach-o.executable"; includeInIndex = 0; path = GraphicsToolkit; sourceTree = BUILT_PRODUCTS_DIR; };
		45E9784E1B34CF0600E11814 /* main.cpp */ = {isa = PBXFileReference; fileEncoding = 4; lastKnownFileType = sourcecode.cpp.cpp; name = main.cpp; path = src/main.cpp; sourceTree = "<group>"; };
		45E978501B34CFA000E11814 /* CoreVideo.framework */ = {isa = PBXFileReference; lastKnownFileType = wrapper.framework; name = CoreVideo.framework; path = System/Library/Frameworks/CoreVideo.framework; sourceTree = SDKROOT; };
		45E978521B34CFA600E11814 /* IOKit.framework */ = {isa = PBXFileReference; lastKnownFileType = wrapper.framework; name = IOKit.framework; path = System/Library/Frameworks/IOKit.framework; sourceTree = SDKROOT; };
		45E978541B34CFB700E11814 /* OpenGL.framework */ = {isa = PBXFileReference; lastKnownFileType = wrapper.framework; name = OpenGL.framework; path = System/Library/Frameworks/OpenGL.framework; sourceTree = SDKROOT; };
		45E978561B34CFC100E11814 /* Cocoa.framework */ = {isa = PBXFileReference; lastKnownFileType = wrapper.framework; name = Cocoa.framework; path = System/Library/Frameworks/Cocoa.framework; sourceTree = SDKROOT; };
		45E978581B34CFC900E11814 /* libglfw3.a */ = {isa = PBXFileReference; lastKnownFileType = archive.ar; name = libglfw3.a; path = GraphicsToolkit/lib/glfw/libglfw3.a; sourceTree = "<group>"; };
		45E9785D1B34D1C600E11814 /* App.cpp */ = {isa = PBXFileReference; fileEncoding = 4; lastKnownFileType = sourcecode.cpp.cpp; name = App.cpp; path = src/App.cpp; sourceTree = "<group>"; };
		45E9785E1B34D1C600E11814 /* App.h */ = {isa = PBXFileReference; fileEncoding = 4; lastKnownFileType = sourcecode.c.h; name = App.h; path = src/App.h; sourceTree = "<group>"; };
		45E978631B34E2BE00E11814 /* Window.cpp */ = {isa = PBXFileReference; fileEncoding = 4; lastKnownFileType = sourcecode.cpp.cpp; name = Window.cpp; path = src/Window.cpp; sourceTree = "<group>"; };
		45E978641B34E2BE00E11814 /* Window.h */ = {isa = PBXFileReference; fileEncoding = 4; lastKnownFileType = sourcecode.c.h; name = Window.h; path = src/Window.h; sourceTree = "<group>"; };
		45E978681B34FAC000E11814 /* Vec2.h */ = {isa = PBXFileReference; fileEncoding = 4; lastKnownFileType = sourcecode.c.h; name = Vec2.h; path = src/Vec2.h; sourceTree = "<group>"; };
		45E978691B358E7700E11814 /* Vec3.h */ = {isa = PBXFileReference; lastKnownFileType = sourcecode.c.h; name = Vec3.h; path = src/Vec3.h; sourceTree = "<group>"; };
		45E9786A1B35939300E11814 /* Renderer.cpp */ = {isa = PBXFileReference; fileEncoding = 4; lastKnownFileType = sourcecode.cpp.cpp; name = Renderer.cpp; path = src/Renderer.cpp; sourceTree = "<group>"; };
		45E9786B1B35939300E11814 /* Renderer.h */ = {isa = PBXFileReference; fileEncoding = 4; lastKnownFileType = sourcecode.c.h; name = Renderer.h; path = src/Renderer.h; sourceTree = "<group>"; };
		45E9786E1B3593E200E11814 /* RenderObject.h */ = {isa = PBXFileReference; fileEncoding = 4; lastKnownFileType = sourcecode.c.h; name = RenderObject.h; path = src/RenderObject.h; sourceTree = "<group>"; xcLanguageSpecificationIdentifier = xcode.lang.cpp; };
		45E978701B35A69B00E11814 /* Buffer.h */ = {isa = PBXFileReference; lastKnownFileType = sourcecode.c.h; name = Buffer.h; path = src/Buffer.h; sourceTree = "<group>"; };
		45E978751B35E5EB00E11814 /* Vec4.h */ = {isa = PBXFileReference; fileEncoding = 4; lastKnownFileType = sourcecode.c.h; name = Vec4.h; path = src/Vec4.h; sourceTree = "<group>"; };
		45E978761B35F2E100E11814 /* Mat4x4.h */ = {isa = PBXFileReference; fileEncoding = 4; lastKnownFileType = sourcecode.c.h; name = Mat4x4.h; path = src/Mat4x4.h; sourceTree = "<group>"; };
		45E978771B3706B800E11814 /* ShaderProgram.cpp */ = {isa = PBXFileReference; fileEncoding = 4; lastKnownFileType = sourcecode.cpp.cpp; name = ShaderProgram.cpp; path = src/ShaderProgram.cpp; sourceTree = "<group>"; };
		45E978781B3706B800E11814 /* ShaderProgram.h */ = {isa = PBXFileReference; fileEncoding = 4; lastKnownFileType = sourcecode.c.h; name = ShaderProgram.h; path = src/ShaderProgram.h; sourceTree = "<group>"; };
		45E978821B370D7200E11814 /* Camera.h */ = {isa = PBXFileReference; fileEncoding = 4; lastKnownFileType = sourcecode.c.h; name = Camera.h; path = src/Camera.h; sourceTree = "<group>"; };
		45E978851B375E4900E11814 /* Transform.h */ = {isa = PBXFileReference; fileEncoding = 4; lastKnownFileType = sourcecode.c.h; name = Transform.h; path = src/Transform.h; sourceTree = "<group>"; };
		45EB3E8C1B49568F00F2092A /* Matrix.h */ = {isa = PBXFileReference; fileEncoding = 4; lastKnownFileType = sourcecode.c.h; name = Matrix.h; path = src/Matrix.h; sourceTree = "<group>"; };
		45EB3E8D1B49600500F2092A /* res */ = {isa = PBXFileReference; lastKnownFileType = folder; name = res; path = GraphicsToolkit/res; sourceTree = "<group>"; };
		45EB3E8E1B49883100F2092A /* Time.cpp */ = {isa = PBXFileReference; fileEncoding = 4; lastKnownFileType = sourcecode.cpp.cpp; name = Time.cpp; path = src/Time.cpp; sourceTree = "<group>"; };
		45EB3E8F1B49883100F2092A /* Time.h */ = {isa = PBXFileReference; fileEncoding = 4; lastKnownFileType = sourcecode.c.h; name = Time.h; path = src/Time.h; sourceTree = "<group>"; };
		45EB3E911B4EEDF700F2092A /* Math.h */ = {isa = PBXFileReference; lastKnownFileType = sourcecode.c.h; name = Math.h; path = src/Math.h; sourceTree = "<group>"; };
/* End PBXFileReference section */

/* Begin PBXFrameworksBuildPhase section */
		45E978401B34CE7500E11814 /* Frameworks */ = {
			isa = PBXFrameworksBuildPhase;
			buildActionMask = 2147483647;
			files = (
				45E978591B34CFC900E11814 /* libglfw3.a in Frameworks */,
				45E978571B34CFC100E11814 /* Cocoa.framework in Frameworks */,
				45E978551B34CFB700E11814 /* OpenGL.framework in Frameworks */,
				45E978531B34CFA600E11814 /* IOKit.framework in Frameworks */,
				45E978511B34CFA000E11814 /* CoreVideo.framework in Frameworks */,
			);
			runOnlyForDeploymentPostprocessing = 0;
		};
/* End PBXFrameworksBuildPhase section */

/* Begin PBXGroup section */
		459122A91B6E63AB00CF3D2A /* Rendering */ = {
			isa = PBXGroup;
			children = (
				45E978821B370D7200E11814 /* Camera.h */,
				45E9786A1B35939300E11814 /* Renderer.cpp */,
				45E9786B1B35939300E11814 /* Renderer.h */,
				455051171B6176E50096FAD2 /* RenderObject.cpp */,
				45E9786E1B3593E200E11814 /* RenderObject.h */,
				45E978771B3706B800E11814 /* ShaderProgram.cpp */,
				45E978781B3706B800E11814 /* ShaderProgram.h */,
				454546C51B74088900998248 /* ShaderUniform.h */,
				4550512C1B6ABFD90096FAD2 /* Texture.cpp */,
				4550512D1B6ABFD90096FAD2 /* Texture.h */,
				455051191B618CFF0096FAD2 /* VertexFormat.h */,
				4550511A1B6193070096FAD2 /* VertexFormat.cpp */,
				4508A57F1B6EBFA700C965EF /* Material.h */,
			);
			name = Rendering;
			sourceTree = "<group>";
		};
		45E9783A1B34CE7500E11814 = {
			isa = PBXGroup;
			children = (
				45E978581B34CFC900E11814 /* libglfw3.a */,
				45E978561B34CFC100E11814 /* Cocoa.framework */,
				45E978541B34CFB700E11814 /* OpenGL.framework */,
				45E978521B34CFA600E11814 /* IOKit.framework */,
				45E978501B34CFA000E11814 /* CoreVideo.framework */,
				45E978451B34CE7500E11814 /* GraphicsToolkit */,
				45E978441B34CE7500E11814 /* Products */,
				45EB3E8D1B49600500F2092A /* res */,
			);
			sourceTree = "<group>";
		};
		45E978441B34CE7500E11814 /* Products */ = {
			isa = PBXGroup;
			children = (
				45E978431B34CE7500E11814 /* GraphicsToolkit */,
			);
			name = Products;
			sourceTree = "<group>";
		};
		45E978451B34CE7500E11814 /* GraphicsToolkit */ = {
			isa = PBXGroup;
			children = (
				459122A91B6E63AB00CF3D2A /* Rendering */,
				45E9787A1B37071100E11814 /* Util */,
				45E978741B35E54500E11814 /* Math */,
				45E9784E1B34CF0600E11814 /* main.cpp */,
				45E9785D1B34D1C600E11814 /* App.cpp */,
				45E9785E1B34D1C600E11814 /* App.h */,
				455051291B6ABFA10096FAD2 /* ImageData.cpp */,
				4550512A1B6ABFA10096FAD2 /* ImageData.h */,
				459122AA1B6E71F500CF3D2A /* ObjectId.h */,
				4550511C1B6503610096FAD2 /* ResourceManager.cpp */,
				4550511D1B6503610096FAD2 /* ResourceManager.h */,
				45E978851B375E4900E11814 /* Transform.h */,
				45EB3E8E1B49883100F2092A /* Time.cpp */,
				45EB3E8F1B49883100F2092A /* Time.h */,
				45E978631B34E2BE00E11814 /* Window.cpp */,
				45E978641B34E2BE00E11814 /* Window.h */,
			);
			path = GraphicsToolkit;
			sourceTree = "<group>";
		};
		45E978741B35E54500E11814 /* Math */ = {
			isa = PBXGroup;
			children = (
				45EB3E8C1B49568F00F2092A /* Matrix.h */,
				45E978761B35F2E100E11814 /* Mat4x4.h */,
				45E978681B34FAC000E11814 /* Vec2.h */,
				45E978691B358E7700E11814 /* Vec3.h */,
				45E978751B35E5EB00E11814 /* Vec4.h */,
				45EB3E911B4EEDF700F2092A /* Math.h */,
			);
			name = Math;
			sourceTree = "<group>";
		};
		45E9787A1B37071100E11814 /* Util */ = {
			isa = PBXGroup;
			children = (
				45E978701B35A69B00E11814 /* Buffer.h */,
				455051201B6515620096FAD2 /* Collection.h */,
				451C61521B5EF4F900DC1501 /* GeometryBuilder.h */,
				459122AF1B6E865A00CF3D2A /* Hash.h */,
				454546C41B71596C00998248 /* ImmutableString.h */,
				453596081B768CBE0045DC04 /* JsonReader.h */,
				453596091B7BAAA80045DC04 /* ReadFile.h */,
				4535960A1B7BABC40045DC04 /* StringRef.h */,
			);
			name = Util;
			sourceTree = "<group>";
		};
/* End PBXGroup section */

/* Begin PBXNativeTarget section */
		45E978421B34CE7500E11814 /* GraphicsToolkit */ = {
			isa = PBXNativeTarget;
			buildConfigurationList = 45E9784A1B34CE7500E11814 /* Build configuration list for PBXNativeTarget "GraphicsToolkit" */;
			buildPhases = (
				45E9783F1B34CE7500E11814 /* Sources */,
				45E978401B34CE7500E11814 /* Frameworks */,
				45E978411B34CE7500E11814 /* CopyFiles */,
			);
			buildRules = (
			);
			dependencies = (
			);
			name = GraphicsToolkit;
			productName = GraphicsToolkit;
			productReference = 45E978431B34CE7500E11814 /* GraphicsToolkit */;
			productType = "com.apple.product-type.tool";
		};
/* End PBXNativeTarget section */

/* Begin PBXProject section */
		45E9783B1B34CE7500E11814 /* Project object */ = {
			isa = PBXProject;
			attributes = {
				LastUpgradeCheck = 0630;
				ORGANIZATIONNAME = "Aleksi Grön";
				TargetAttributes = {
					45E978421B34CE7500E11814 = {
						CreatedOnToolsVersion = 6.3.2;
					};
				};
			};
			buildConfigurationList = 45E9783E1B34CE7500E11814 /* Build configuration list for PBXProject "GraphicsToolkit" */;
			compatibilityVersion = "Xcode 3.2";
			developmentRegion = English;
			hasScannedForEncodings = 0;
			knownRegions = (
				en,
			);
			mainGroup = 45E9783A1B34CE7500E11814;
			productRefGroup = 45E978441B34CE7500E11814 /* Products */;
			projectDirPath = "";
			projectRoot = "";
			targets = (
				45E978421B34CE7500E11814 /* GraphicsToolkit */,
			);
		};
/* End PBXProject section */

/* Begin PBXSourcesBuildPhase section */
		45E9783F1B34CE7500E11814 /* Sources */ = {
			isa = PBXSourcesBuildPhase;
			buildActionMask = 2147483647;
			files = (
				4550511E1B6503610096FAD2 /* ResourceManager.cpp in Sources */,
				455051181B6176E50096FAD2 /* RenderObject.cpp in Sources */,
				4550511B1B6193070096FAD2 /* VertexFormat.cpp in Sources */,
				45EB3E901B49883100F2092A /* Time.cpp in Sources */,
				4550512B1B6ABFA10096FAD2 /* ImageData.cpp in Sources */,
				45E9786C1B35939300E11814 /* Renderer.cpp in Sources */,
				45E9784F1B34CF0600E11814 /* main.cpp in Sources */,
				45E978791B3706B800E11814 /* ShaderProgram.cpp in Sources */,
				4550512E1B6ABFD90096FAD2 /* Texture.cpp in Sources */,
				45E978651B34E2BE00E11814 /* Window.cpp in Sources */,
				45E9785F1B34D1C600E11814 /* App.cpp in Sources */,
			);
			runOnlyForDeploymentPostprocessing = 0;
		};
/* End PBXSourcesBuildPhase section */

/* Begin XCBuildConfiguration section */
		45E978481B34CE7500E11814 /* Debug */ = {
			isa = XCBuildConfiguration;
			buildSettings = {
				ALWAYS_SEARCH_USER_PATHS = NO;
				CLANG_CXX_LANGUAGE_STANDARD = "c++14";
				CLANG_CXX_LIBRARY = "libc++";
				CLANG_ENABLE_MODULES = YES;
				CLANG_ENABLE_OBJC_ARC = YES;
				CLANG_WARN_BOOL_CONVERSION = YES;
				CLANG_WARN_CONSTANT_CONVERSION = YES;
				CLANG_WARN_DIRECT_OBJC_ISA_USAGE = YES_ERROR;
				CLANG_WARN_EMPTY_BODY = YES;
				CLANG_WARN_ENUM_CONVERSION = YES;
				CLANG_WARN_INT_CONVERSION = YES;
				CLANG_WARN_OBJC_ROOT_CLASS = YES_ERROR;
				CLANG_WARN_UNREACHABLE_CODE = YES;
				CLANG_WARN__DUPLICATE_METHOD_MATCH = YES;
				COPY_PHASE_STRIP = NO;
				DEBUG_INFORMATION_FORMAT = dwarf;
				ENABLE_STRICT_OBJC_MSGSEND = YES;
				GCC_C_LANGUAGE_STANDARD = c11;
				GCC_DYNAMIC_NO_PIC = NO;
				GCC_NO_COMMON_BLOCKS = YES;
				GCC_OPTIMIZATION_LEVEL = 0;
				GCC_PREPROCESSOR_DEFINITIONS = (
					"DEBUG=1",
					"$(inherited)",
				);
				GCC_SYMBOLS_PRIVATE_EXTERN = NO;
				GCC_WARN_64_TO_32_BIT_CONVERSION = YES;
				GCC_WARN_ABOUT_RETURN_TYPE = YES_ERROR;
				GCC_WARN_UNDECLARED_SELECTOR = YES;
				GCC_WARN_UNINITIALIZED_AUTOS = YES_AGGRESSIVE;
				GCC_WARN_UNUSED_FUNCTION = YES;
				GCC_WARN_UNUSED_VARIABLE = YES;
				MACOSX_DEPLOYMENT_TARGET = 10.10;
				MTL_ENABLE_DEBUG_INFO = YES;
				ONLY_ACTIVE_ARCH = YES;
				SDKROOT = macosx;
				USER_HEADER_SEARCH_PATHS = "$(PROJECT_DIR)/GraphicsToolkit/include";
				WARNING_CFLAGS = (
					"-Weverything",
					"-Wno-padded",
					"-Wno-c++98-compat",
					"-Wno-c++98-compat-pedantic",
					"-Wno-documentation",
				);
			};
			name = Debug;
		};
		45E978491B34CE7500E11814 /* Release */ = {
			isa = XCBuildConfiguration;
			buildSettings = {
				ALWAYS_SEARCH_USER_PATHS = NO;
				CLANG_CXX_LANGUAGE_STANDARD = "c++14";
				CLANG_CXX_LIBRARY = "libc++";
				CLANG_ENABLE_MODULES = YES;
				CLANG_ENABLE_OBJC_ARC = YES;
				CLANG_WARN_BOOL_CONVERSION = YES;
				CLANG_WARN_CONSTANT_CONVERSION = YES;
				CLANG_WARN_DIRECT_OBJC_ISA_USAGE = YES_ERROR;
				CLANG_WARN_EMPTY_BODY = YES;
				CLANG_WARN_ENUM_CONVERSION = YES;
				CLANG_WARN_INT_CONVERSION = YES;
				CLANG_WARN_OBJC_ROOT_CLASS = YES_ERROR;
				CLANG_WARN_UNREACHABLE_CODE = YES;
				CLANG_WARN__DUPLICATE_METHOD_MATCH = YES;
				COPY_PHASE_STRIP = NO;
				DEBUG_INFORMATION_FORMAT = "dwarf-with-dsym";
				ENABLE_NS_ASSERTIONS = NO;
				ENABLE_STRICT_OBJC_MSGSEND = YES;
				GCC_C_LANGUAGE_STANDARD = c11;
				GCC_NO_COMMON_BLOCKS = YES;
				GCC_WARN_64_TO_32_BIT_CONVERSION = YES;
				GCC_WARN_ABOUT_RETURN_TYPE = YES_ERROR;
				GCC_WARN_UNDECLARED_SELECTOR = YES;
				GCC_WARN_UNINITIALIZED_AUTOS = YES_AGGRESSIVE;
				GCC_WARN_UNUSED_FUNCTION = YES;
				GCC_WARN_UNUSED_VARIABLE = YES;
				MACOSX_DEPLOYMENT_TARGET = 10.10;
				MTL_ENABLE_DEBUG_INFO = NO;
				SDKROOT = macosx;
				USER_HEADER_SEARCH_PATHS = "$(PROJECT_DIR)/GraphicsToolkit/include";
				WARNING_CFLAGS = (
					"-Weverything",
					"-Wno-padded",
					"-Wno-c++98-compat",
					"-Wno-c++98-compat-pedantic",
					"-Wno-documentation",
				);
			};
			name = Release;
		};
		45E9784B1B34CE7500E11814 /* Debug */ = {
			isa = XCBuildConfiguration;
			buildSettings = {
				CLANG_CXX_LANGUAGE_STANDARD = "c++14";
				LIBRARY_SEARCH_PATHS = (
					"$(inherited)",
					"$(PROJECT_DIR)/GraphicsToolkit/lib/glfw",
				);
				PRODUCT_NAME = "$(TARGET_NAME)";
				USER_HEADER_SEARCH_PATHS = "$(PROJECT_DIR)/GraphicsToolkit/include";
			};
			name = Debug;
		};
		45E9784C1B34CE7500E11814 /* Release */ = {
			isa = XCBuildConfiguration;
			buildSettings = {
				CLANG_CXX_LANGUAGE_STANDARD = "c++14";
				LIBRARY_SEARCH_PATHS = (
					"$(inherited)",
					"$(PROJECT_DIR)/GraphicsToolkit/lib/glfw",
				);
				PRODUCT_NAME = "$(TARGET_NAME)";
				USER_HEADER_SEARCH_PATHS = "$(PROJECT_DIR)/GraphicsToolkit/include";
			};
			name = Release;
		};
/* End XCBuildConfiguration section */

/* Begin XCConfigurationList section */
		45E9783E1B34CE7500E11814 /* Build configuration list for PBXProject "GraphicsToolkit" */ = {
			isa = XCConfigurationList;
			buildConfigurations = (
				45E978481B34CE7500E11814 /* Debug */,
				45E978491B34CE7500E11814 /* Release */,
			);
			defaultConfigurationIsVisible = 0;
			defaultConfigurationName = Release;
		};
		45E9784A1B34CE7500E11814 /* Build configuration list for PBXNativeTarget "GraphicsToolkit" */ = {
			isa = XCConfigurationList;
			buildConfigurations = (
				45E9784B1B34CE7500E11814 /* Debug */,
				45E9784C1B34CE7500E11814 /* Release */,
			);
			defaultConfigurationIsVisible = 0;
			defaultConfigurationName = Release;
		};
/* End XCConfigurationList section */
	};
	rootObject = 45E9783B1B34CE7500E11814 /* Project object */;
}
