// !$*UTF8*$!
{
	archiveVersion = 1;
	classes = {
	};
	objectVersion = 46;
	objects = {

/* Begin PBXBuildFile section */
		4519497A1CCC0E95009DF07A /* DebugTextRenderer.cpp in Sources */ = {isa = PBXBuildFile; fileRef = 451949781CCC0E95009DF07A /* DebugTextRenderer.cpp */; };
		4519497D1CCC0F14009DF07A /* BitmapFont.cpp in Sources */ = {isa = PBXBuildFile; fileRef = 4519497B1CCC0F14009DF07A /* BitmapFont.cpp */; };
		454ADD261CAB00740060443D /* FrustumCulling.cpp in Sources */ = {isa = PBXBuildFile; fileRef = 454ADD241CAB00740060443D /* FrustumCulling.cpp */; };
		45A0052D1C933F43002D6134 /* App.cpp in Sources */ = {isa = PBXBuildFile; fileRef = 45A004E71C933F43002D6134 /* App.cpp */; };
		45A0052E1C933F43002D6134 /* Camera.cpp in Sources */ = {isa = PBXBuildFile; fileRef = 45A004EB1C933F43002D6134 /* Camera.cpp */; };
		45A0052F1C933F43002D6134 /* CameraController.cpp in Sources */ = {isa = PBXBuildFile; fileRef = 45A004ED1C933F43002D6134 /* CameraController.cpp */; };
		45A005301C933F43002D6134 /* File.cpp in Sources */ = {isa = PBXBuildFile; fileRef = 45A004F01C933F43002D6134 /* File.cpp */; };
		45A005311C933F43002D6134 /* ImageData.cpp in Sources */ = {isa = PBXBuildFile; fileRef = 45A004F31C933F43002D6134 /* ImageData.cpp */; };
		45A005341C933F43002D6134 /* KeyboardInput.cpp in Sources */ = {isa = PBXBuildFile; fileRef = 45A004FB1C933F43002D6134 /* KeyboardInput.cpp */; };
		45A005351C933F43002D6134 /* main.cpp in Sources */ = {isa = PBXBuildFile; fileRef = 45A004FD1C933F43002D6134 /* main.cpp */; };
		45A005361C933F43002D6134 /* Material.cpp in Sources */ = {isa = PBXBuildFile; fileRef = 45A005011C933F43002D6134 /* Material.cpp */; };
		45A005371C933F43002D6134 /* Mesh.cpp in Sources */ = {isa = PBXBuildFile; fileRef = 45A005061C933F43002D6134 /* Mesh.cpp */; };
		45A005381C933F43002D6134 /* MeshLoader.cpp in Sources */ = {isa = PBXBuildFile; fileRef = 45A005081C933F43002D6134 /* MeshLoader.cpp */; };
		45A005391C933F43002D6134 /* PointerInput.cpp in Sources */ = {isa = PBXBuildFile; fileRef = 45A0050D1C933F43002D6134 /* PointerInput.cpp */; };
		45A0053A1C933F43002D6134 /* Renderer.cpp in Sources */ = {isa = PBXBuildFile; fileRef = 45A0050F1C933F43002D6134 /* Renderer.cpp */; };
		45A0053B1C933F43002D6134 /* Scene.cpp in Sources */ = {isa = PBXBuildFile; fileRef = 45A005131C933F43002D6134 /* Scene.cpp */; };
		45A0053C1C933F43002D6134 /* Shader.cpp in Sources */ = {isa = PBXBuildFile; fileRef = 45A005161C933F43002D6134 /* Shader.cpp */; };
		45A0053D1C933F43002D6134 /* StackAllocation.cpp in Sources */ = {isa = PBXBuildFile; fileRef = 45A005181C933F43002D6134 /* StackAllocation.cpp */; };
		45A0053E1C933F43002D6134 /* StackAllocator.cpp in Sources */ = {isa = PBXBuildFile; fileRef = 45A0051A1C933F43002D6134 /* StackAllocator.cpp */; };
		45A0053F1C933F43002D6134 /* Texture.cpp in Sources */ = {isa = PBXBuildFile; fileRef = 45A0051D1C933F43002D6134 /* Texture.cpp */; };
		45A005401C933F43002D6134 /* Time.cpp in Sources */ = {isa = PBXBuildFile; fileRef = 45A0051F1C933F43002D6134 /* Time.cpp */; };
		45A005411C933F43002D6134 /* VertexFormat.cpp in Sources */ = {isa = PBXBuildFile; fileRef = 45A005251C933F43002D6134 /* VertexFormat.cpp */; };
		45A005421C933F43002D6134 /* ViewFrustum.cpp in Sources */ = {isa = PBXBuildFile; fileRef = 45A005271C933F43002D6134 /* ViewFrustum.cpp */; };
		45A005431C933F43002D6134 /* VirtualMemory.cpp in Sources */ = {isa = PBXBuildFile; fileRef = 45A005291C933F43002D6134 /* VirtualMemory.cpp */; };
		45A005441C933F43002D6134 /* Window.cpp in Sources */ = {isa = PBXBuildFile; fileRef = 45A0052B1C933F43002D6134 /* Window.cpp */; };
		45C6E5D31CA335EE004B2F54 /* ResourceManager.cpp in Sources */ = {isa = PBXBuildFile; fileRef = 45C6E5D21CA335EE004B2F54 /* ResourceManager.cpp */; };
		45CB91111CDFD8D500FF12D2 /* AsciiStringUtil.cpp in Sources */ = {isa = PBXBuildFile; fileRef = 45CB910F1CDFD8D500FF12D2 /* AsciiStringUtil.cpp */; };
		45E978511B34CFA000E11814 /* CoreVideo.framework in Frameworks */ = {isa = PBXBuildFile; fileRef = 45E978501B34CFA000E11814 /* CoreVideo.framework */; };
		45E978531B34CFA600E11814 /* IOKit.framework in Frameworks */ = {isa = PBXBuildFile; fileRef = 45E978521B34CFA600E11814 /* IOKit.framework */; };
		45E978551B34CFB700E11814 /* OpenGL.framework in Frameworks */ = {isa = PBXBuildFile; fileRef = 45E978541B34CFB700E11814 /* OpenGL.framework */; };
		45E978571B34CFC100E11814 /* Cocoa.framework in Frameworks */ = {isa = PBXBuildFile; fileRef = 45E978561B34CFC100E11814 /* Cocoa.framework */; };
		45E978591B34CFC900E11814 /* libglfw3.a in Frameworks */ = {isa = PBXBuildFile; fileRef = 45E978581B34CFC900E11814 /* libglfw3.a */; };
/* End PBXBuildFile section */

/* Begin PBXCopyFilesBuildPhase section */
		45E978411B34CE7500E11814 /* CopyFiles */ = {
			isa = PBXCopyFilesBuildPhase;
			buildActionMask = 2147483647;
			dstPath = /usr/share/man/man1/;
			dstSubfolderSpec = 0;
			files = (
			);
			runOnlyForDeploymentPostprocessing = 1;
		};
/* End PBXCopyFilesBuildPhase section */

/* Begin PBXFileReference section */
		451949781CCC0E95009DF07A /* DebugTextRenderer.cpp */ = {isa = PBXFileReference; fileEncoding = 4; lastKnownFileType = sourcecode.cpp.cpp; name = DebugTextRenderer.cpp; path = ../src/DebugTextRenderer.cpp; sourceTree = "<group>"; };
		451949791CCC0E95009DF07A /* DebugTextRenderer.hpp */ = {isa = PBXFileReference; fileEncoding = 4; lastKnownFileType = sourcecode.cpp.h; name = DebugTextRenderer.hpp; path = ../src/DebugTextRenderer.hpp; sourceTree = "<group>"; };
		4519497B1CCC0F14009DF07A /* BitmapFont.cpp */ = {isa = PBXFileReference; fileEncoding = 4; lastKnownFileType = sourcecode.cpp.cpp; name = BitmapFont.cpp; path = ../src/BitmapFont.cpp; sourceTree = "<group>"; };
		4519497C1CCC0F14009DF07A /* BitmapFont.hpp */ = {isa = PBXFileReference; fileEncoding = 4; lastKnownFileType = sourcecode.cpp.h; name = BitmapFont.hpp; path = ../src/BitmapFont.hpp; sourceTree = "<group>"; };
		454102E61C93473100D2841F /* res */ = {isa = PBXFileReference; lastKnownFileType = folder; name = res; path = ../res; sourceTree = "<group>"; };
		454102E71C93476E00D2841F /* include */ = {isa = PBXFileReference; lastKnownFileType = folder; name = include; path = ../include; sourceTree = "<group>"; };
		454ADD241CAB00740060443D /* FrustumCulling.cpp */ = {isa = PBXFileReference; fileEncoding = 4; lastKnownFileType = sourcecode.cpp.cpp; name = FrustumCulling.cpp; path = ../src/FrustumCulling.cpp; sourceTree = "<group>"; };
		454ADD251CAB00740060443D /* FrustumCulling.hpp */ = {isa = PBXFileReference; fileEncoding = 4; lastKnownFileType = sourcecode.cpp.h; name = FrustumCulling.hpp; path = ../src/FrustumCulling.hpp; sourceTree = "<group>"; };
		4583750A1CFE242E00D37A1B /* Sort.hpp */ = {isa = PBXFileReference; fileEncoding = 4; lastKnownFileType = sourcecode.cpp.h; name = Sort.hpp; path = ../src/Sort.hpp; sourceTree = "<group>"; };
		45A004E71C933F43002D6134 /* App.cpp */ = {isa = PBXFileReference; fileEncoding = 4; lastKnownFileType = sourcecode.cpp.cpp; name = App.cpp; path = ../src/App.cpp; sourceTree = "<group>"; };
		45A004E81C933F43002D6134 /* App.hpp */ = {isa = PBXFileReference; fileEncoding = 4; lastKnownFileType = sourcecode.cpp.h; name = App.hpp; path = ../src/App.hpp; sourceTree = "<group>"; };
		45A004E91C933F43002D6134 /* BoundingBox.hpp */ = {isa = PBXFileReference; fileEncoding = 4; lastKnownFileType = sourcecode.cpp.h; name = BoundingBox.hpp; path = ../src/BoundingBox.hpp; sourceTree = "<group>"; };
		45A004EA1C933F43002D6134 /* Buffer.hpp */ = {isa = PBXFileReference; fileEncoding = 4; lastKnownFileType = sourcecode.cpp.h; name = Buffer.hpp; path = ../src/Buffer.hpp; sourceTree = "<group>"; };
		45A004EB1C933F43002D6134 /* Camera.cpp */ = {isa = PBXFileReference; fileEncoding = 4; lastKnownFileType = sourcecode.cpp.cpp; name = Camera.cpp; path = ../src/Camera.cpp; sourceTree = "<group>"; };
		45A004EC1C933F43002D6134 /* Camera.hpp */ = {isa = PBXFileReference; fileEncoding = 4; lastKnownFileType = sourcecode.cpp.h; name = Camera.hpp; path = ../src/Camera.hpp; sourceTree = "<group>"; };
		45A004ED1C933F43002D6134 /* CameraController.cpp */ = {isa = PBXFileReference; fileEncoding = 4; lastKnownFileType = sourcecode.cpp.cpp; name = CameraController.cpp; path = ../src/CameraController.cpp; sourceTree = "<group>"; };
		45A004EE1C933F43002D6134 /* CameraController.hpp */ = {isa = PBXFileReference; fileEncoding = 4; lastKnownFileType = sourcecode.cpp.h; name = CameraController.hpp; path = ../src/CameraController.hpp; sourceTree = "<group>"; };
		45A004EF1C933F43002D6134 /* Collection.hpp */ = {isa = PBXFileReference; fileEncoding = 4; lastKnownFileType = sourcecode.cpp.h; name = Collection.hpp; path = ../src/Collection.hpp; sourceTree = "<group>"; };
		45A004F01C933F43002D6134 /* File.cpp */ = {isa = PBXFileReference; fileEncoding = 4; lastKnownFileType = sourcecode.cpp.cpp; name = File.cpp; path = ../src/File.cpp; sourceTree = "<group>"; };
		45A004F11C933F43002D6134 /* File.hpp */ = {isa = PBXFileReference; fileEncoding = 4; lastKnownFileType = sourcecode.cpp.h; name = File.hpp; path = ../src/File.hpp; sourceTree = "<group>"; };
		45A004F21C933F43002D6134 /* Hash.hpp */ = {isa = PBXFileReference; fileEncoding = 4; lastKnownFileType = sourcecode.cpp.h; name = Hash.hpp; path = ../src/Hash.hpp; sourceTree = "<group>"; };
		45A004F31C933F43002D6134 /* ImageData.cpp */ = {isa = PBXFileReference; fileEncoding = 4; lastKnownFileType = sourcecode.cpp.cpp; name = ImageData.cpp; path = ../src/ImageData.cpp; sourceTree = "<group>"; };
		45A004F41C933F43002D6134 /* ImageData.hpp */ = {isa = PBXFileReference; fileEncoding = 4; lastKnownFileType = sourcecode.cpp.h; name = ImageData.hpp; path = ../src/ImageData.hpp; sourceTree = "<group>"; };
		45A004F51C933F43002D6134 /* ImmutableString.hpp */ = {isa = PBXFileReference; fileEncoding = 4; lastKnownFileType = sourcecode.cpp.h; name = ImmutableString.hpp; path = ../src/ImmutableString.hpp; sourceTree = "<group>"; };
		45A004FA1C933F43002D6134 /* JsonReader.hpp */ = {isa = PBXFileReference; fileEncoding = 4; lastKnownFileType = sourcecode.cpp.h; name = JsonReader.hpp; path = ../src/JsonReader.hpp; sourceTree = "<group>"; };
		45A004FB1C933F43002D6134 /* KeyboardInput.cpp */ = {isa = PBXFileReference; fileEncoding = 4; lastKnownFileType = sourcecode.cpp.cpp; name = KeyboardInput.cpp; path = ../src/KeyboardInput.cpp; sourceTree = "<group>"; };
		45A004FC1C933F43002D6134 /* KeyboardInput.hpp */ = {isa = PBXFileReference; fileEncoding = 4; lastKnownFileType = sourcecode.cpp.h; name = KeyboardInput.hpp; path = ../src/KeyboardInput.hpp; sourceTree = "<group>"; };
		45A004FD1C933F43002D6134 /* main.cpp */ = {isa = PBXFileReference; fileEncoding = 4; lastKnownFileType = sourcecode.cpp.cpp; name = main.cpp; path = ../src/main.cpp; sourceTree = "<group>"; };
		45A004FE1C933F43002D6134 /* Mat2x2.hpp */ = {isa = PBXFileReference; fileEncoding = 4; lastKnownFileType = sourcecode.cpp.h; name = Mat2x2.hpp; path = ../src/Mat2x2.hpp; sourceTree = "<group>"; };
		45A004FF1C933F43002D6134 /* Mat3x3.hpp */ = {isa = PBXFileReference; fileEncoding = 4; lastKnownFileType = sourcecode.cpp.h; name = Mat3x3.hpp; path = ../src/Mat3x3.hpp; sourceTree = "<group>"; };
		45A005001C933F43002D6134 /* Mat4x4.hpp */ = {isa = PBXFileReference; fileEncoding = 4; lastKnownFileType = sourcecode.cpp.h; name = Mat4x4.hpp; path = ../src/Mat4x4.hpp; sourceTree = "<group>"; };
		45A005011C933F43002D6134 /* Material.cpp */ = {isa = PBXFileReference; fileEncoding = 4; lastKnownFileType = sourcecode.cpp.cpp; name = Material.cpp; path = ../src/Material.cpp; sourceTree = "<group>"; };
		45A005021C933F43002D6134 /* Material.hpp */ = {isa = PBXFileReference; fileEncoding = 4; lastKnownFileType = sourcecode.cpp.h; name = Material.hpp; path = ../src/Material.hpp; sourceTree = "<group>"; };
		45A005031C933F43002D6134 /* Math.hpp */ = {isa = PBXFileReference; fileEncoding = 4; lastKnownFileType = sourcecode.cpp.h; name = Math.hpp; path = ../src/Math.hpp; sourceTree = "<group>"; };
		45A005041C933F43002D6134 /* Matrix.hpp */ = {isa = PBXFileReference; fileEncoding = 4; lastKnownFileType = sourcecode.cpp.h; name = Matrix.hpp; path = ../src/Matrix.hpp; sourceTree = "<group>"; };
		45A005051C933F43002D6134 /* MemoryAmount.hpp */ = {isa = PBXFileReference; fileEncoding = 4; lastKnownFileType = sourcecode.cpp.h; name = MemoryAmount.hpp; path = ../src/MemoryAmount.hpp; sourceTree = "<group>"; };
		45A005061C933F43002D6134 /* Mesh.cpp */ = {isa = PBXFileReference; fileEncoding = 4; lastKnownFileType = sourcecode.cpp.cpp; name = Mesh.cpp; path = ../src/Mesh.cpp; sourceTree = "<group>"; };
		45A005071C933F43002D6134 /* Mesh.hpp */ = {isa = PBXFileReference; fileEncoding = 4; lastKnownFileType = sourcecode.cpp.h; name = Mesh.hpp; path = ../src/Mesh.hpp; sourceTree = "<group>"; };
		45A005081C933F43002D6134 /* MeshLoader.cpp */ = {isa = PBXFileReference; fileEncoding = 4; lastKnownFileType = sourcecode.cpp.cpp; name = MeshLoader.cpp; path = ../src/MeshLoader.cpp; sourceTree = "<group>"; };
		45A005091C933F43002D6134 /* MeshLoader.hpp */ = {isa = PBXFileReference; fileEncoding = 4; lastKnownFileType = sourcecode.cpp.h; name = MeshLoader.hpp; path = ../src/MeshLoader.hpp; sourceTree = "<group>"; };
		45A0050A1C933F43002D6134 /* MultiArray.hpp */ = {isa = PBXFileReference; fileEncoding = 4; lastKnownFileType = sourcecode.cpp.h; name = MultiArray.hpp; path = ../src/MultiArray.hpp; sourceTree = "<group>"; };
		45A0050B1C933F43002D6134 /* ObjectId.hpp */ = {isa = PBXFileReference; fileEncoding = 4; lastKnownFileType = sourcecode.cpp.h; name = ObjectId.hpp; path = ../src/ObjectId.hpp; sourceTree = "<group>"; };
		45A0050C1C933F43002D6134 /* Plane.hpp */ = {isa = PBXFileReference; fileEncoding = 4; lastKnownFileType = sourcecode.cpp.h; name = Plane.hpp; path = ../src/Plane.hpp; sourceTree = "<group>"; };
		45A0050D1C933F43002D6134 /* PointerInput.cpp */ = {isa = PBXFileReference; fileEncoding = 4; lastKnownFileType = sourcecode.cpp.cpp; name = PointerInput.cpp; path = ../src/PointerInput.cpp; sourceTree = "<group>"; };
		45A0050E1C933F43002D6134 /* PointerInput.hpp */ = {isa = PBXFileReference; fileEncoding = 4; lastKnownFileType = sourcecode.cpp.h; name = PointerInput.hpp; path = ../src/PointerInput.hpp; sourceTree = "<group>"; };
		45A0050F1C933F43002D6134 /* Renderer.cpp */ = {isa = PBXFileReference; fileEncoding = 4; lastKnownFileType = sourcecode.cpp.cpp; name = Renderer.cpp; path = ../src/Renderer.cpp; sourceTree = "<group>"; };
		45A005101C933F43002D6134 /* Renderer.hpp */ = {isa = PBXFileReference; fileEncoding = 4; lastKnownFileType = sourcecode.cpp.h; name = Renderer.hpp; path = ../src/Renderer.hpp; sourceTree = "<group>"; };
		45A005111C933F43002D6134 /* RenderObject.hpp */ = {isa = PBXFileReference; fileEncoding = 4; lastKnownFileType = sourcecode.cpp.h; name = RenderObject.hpp; path = ../src/RenderObject.hpp; sourceTree = "<group>"; };
		45A005121C933F43002D6134 /* ResourceManager.hpp */ = {isa = PBXFileReference; fileEncoding = 4; lastKnownFileType = sourcecode.cpp.h; name = ResourceManager.hpp; path = ../src/ResourceManager.hpp; sourceTree = "<group>"; };
		45A005131C933F43002D6134 /* Scene.cpp */ = {isa = PBXFileReference; fileEncoding = 4; lastKnownFileType = sourcecode.cpp.cpp; name = Scene.cpp; path = ../src/Scene.cpp; sourceTree = "<group>"; };
		45A005141C933F43002D6134 /* Scene.hpp */ = {isa = PBXFileReference; fileEncoding = 4; lastKnownFileType = sourcecode.cpp.h; name = Scene.hpp; path = ../src/Scene.hpp; sourceTree = "<group>"; };
		45A005161C933F43002D6134 /* Shader.cpp */ = {isa = PBXFileReference; fileEncoding = 4; lastKnownFileType = sourcecode.cpp.cpp; name = Shader.cpp; path = ../src/Shader.cpp; sourceTree = "<group>"; };
		45A005171C933F43002D6134 /* Shader.hpp */ = {isa = PBXFileReference; fileEncoding = 4; lastKnownFileType = sourcecode.cpp.h; name = Shader.hpp; path = ../src/Shader.hpp; sourceTree = "<group>"; };
		45A005181C933F43002D6134 /* StackAllocation.cpp */ = {isa = PBXFileReference; fileEncoding = 4; lastKnownFileType = sourcecode.cpp.cpp; name = StackAllocation.cpp; path = ../src/StackAllocation.cpp; sourceTree = "<group>"; };
		45A005191C933F43002D6134 /* StackAllocation.hpp */ = {isa = PBXFileReference; fileEncoding = 4; lastKnownFileType = sourcecode.cpp.h; name = StackAllocation.hpp; path = ../src/StackAllocation.hpp; sourceTree = "<group>"; };
		45A0051A1C933F43002D6134 /* StackAllocator.cpp */ = {isa = PBXFileReference; fileEncoding = 4; lastKnownFileType = sourcecode.cpp.cpp; name = StackAllocator.cpp; path = ../src/StackAllocator.cpp; sourceTree = "<group>"; };
		45A0051B1C933F43002D6134 /* StackAllocator.hpp */ = {isa = PBXFileReference; fileEncoding = 4; lastKnownFileType = sourcecode.cpp.h; name = StackAllocator.hpp; path = ../src/StackAllocator.hpp; sourceTree = "<group>"; };
		45A0051C1C933F43002D6134 /* StringRef.hpp */ = {isa = PBXFileReference; fileEncoding = 4; lastKnownFileType = sourcecode.cpp.h; name = StringRef.hpp; path = ../src/StringRef.hpp; sourceTree = "<group>"; };
		45A0051D1C933F43002D6134 /* Texture.cpp */ = {isa = PBXFileReference; fileEncoding = 4; lastKnownFileType = sourcecode.cpp.cpp; name = Texture.cpp; path = ../src/Texture.cpp; sourceTree = "<group>"; };
		45A0051E1C933F43002D6134 /* Texture.hpp */ = {isa = PBXFileReference; fileEncoding = 4; lastKnownFileType = sourcecode.cpp.h; name = Texture.hpp; path = ../src/Texture.hpp; sourceTree = "<group>"; };
		45A0051F1C933F43002D6134 /* Time.cpp */ = {isa = PBXFileReference; fileEncoding = 4; lastKnownFileType = sourcecode.cpp.cpp; name = Time.cpp; path = ../src/Time.cpp; sourceTree = "<group>"; };
		45A005201C933F43002D6134 /* Time.hpp */ = {isa = PBXFileReference; fileEncoding = 4; lastKnownFileType = sourcecode.cpp.h; name = Time.hpp; path = ../src/Time.hpp; sourceTree = "<group>"; };
		45A005211C933F43002D6134 /* Transform.hpp */ = {isa = PBXFileReference; fileEncoding = 4; lastKnownFileType = sourcecode.cpp.h; name = Transform.hpp; path = ../src/Transform.hpp; sourceTree = "<group>"; };
		45A005221C933F43002D6134 /* Vec2.hpp */ = {isa = PBXFileReference; fileEncoding = 4; lastKnownFileType = sourcecode.cpp.h; name = Vec2.hpp; path = ../src/Vec2.hpp; sourceTree = "<group>"; };
		45A005231C933F43002D6134 /* Vec3.hpp */ = {isa = PBXFileReference; fileEncoding = 4; lastKnownFileType = sourcecode.cpp.h; name = Vec3.hpp; path = ../src/Vec3.hpp; sourceTree = "<group>"; };
		45A005241C933F43002D6134 /* Vec4.hpp */ = {isa = PBXFileReference; fileEncoding = 4; lastKnownFileType = sourcecode.cpp.h; name = Vec4.hpp; path = ../src/Vec4.hpp; sourceTree = "<group>"; };
		45A005251C933F43002D6134 /* VertexFormat.cpp */ = {isa = PBXFileReference; fileEncoding = 4; lastKnownFileType = sourcecode.cpp.cpp; name = VertexFormat.cpp; path = ../src/VertexFormat.cpp; sourceTree = "<group>"; };
		45A005261C933F43002D6134 /* VertexFormat.hpp */ = {isa = PBXFileReference; fileEncoding = 4; lastKnownFileType = sourcecode.cpp.h; name = VertexFormat.hpp; path = ../src/VertexFormat.hpp; sourceTree = "<group>"; };
		45A005271C933F43002D6134 /* ViewFrustum.cpp */ = {isa = PBXFileReference; fileEncoding = 4; lastKnownFileType = sourcecode.cpp.cpp; name = ViewFrustum.cpp; path = ../src/ViewFrustum.cpp; sourceTree = "<group>"; };
		45A005281C933F43002D6134 /* ViewFrustum.hpp */ = {isa = PBXFileReference; fileEncoding = 4; lastKnownFileType = sourcecode.cpp.h; name = ViewFrustum.hpp; path = ../src/ViewFrustum.hpp; sourceTree = "<group>"; };
		45A005291C933F43002D6134 /* VirtualMemory.cpp */ = {isa = PBXFileReference; fileEncoding = 4; lastKnownFileType = sourcecode.cpp.cpp; name = VirtualMemory.cpp; path = ../src/VirtualMemory.cpp; sourceTree = "<group>"; };
		45A0052A1C933F43002D6134 /* VirtualMemory.hpp */ = {isa = PBXFileReference; fileEncoding = 4; lastKnownFileType = sourcecode.cpp.h; name = VirtualMemory.hpp; path = ../src/VirtualMemory.hpp; sourceTree = "<group>"; };
		45A0052B1C933F43002D6134 /* Window.cpp */ = {isa = PBXFileReference; fileEncoding = 4; lastKnownFileType = sourcecode.cpp.cpp; name = Window.cpp; path = ../src/Window.cpp; sourceTree = "<group>"; };
		45A0052C1C933F43002D6134 /* Window.hpp */ = {isa = PBXFileReference; fileEncoding = 4; lastKnownFileType = sourcecode.cpp.h; name = Window.hpp; path = ../src/Window.hpp; sourceTree = "<group>"; };
		45A0AC021CC8143B001F2564 /* Rectangle.hpp */ = {isa = PBXFileReference; lastKnownFileType = sourcecode.cpp.h; name = Rectangle.hpp; path = ../src/Rectangle.hpp; sourceTree = "<group>"; };
		45C6E5D21CA335EE004B2F54 /* ResourceManager.cpp */ = {isa = PBXFileReference; fileEncoding = 4; lastKnownFileType = sourcecode.cpp.cpp; name = ResourceManager.cpp; path = ../src/ResourceManager.cpp; sourceTree = "<group>"; };
		45C6E5D51CA762B3004B2F54 /* ValueSerialization.hpp */ = {isa = PBXFileReference; fileEncoding = 4; lastKnownFileType = sourcecode.cpp.h; name = ValueSerialization.hpp; path = ../src/ValueSerialization.hpp; sourceTree = "<group>"; };
		45CB910F1CDFD8D500FF12D2 /* AsciiStringUtil.cpp */ = {isa = PBXFileReference; fileEncoding = 4; lastKnownFileType = sourcecode.cpp.cpp; name = AsciiStringUtil.cpp; path = ../src/AsciiStringUtil.cpp; sourceTree = "<group>"; };
		45CB91101CDFD8D500FF12D2 /* AsciiStringUtil.hpp */ = {isa = PBXFileReference; fileEncoding = 4; lastKnownFileType = sourcecode.cpp.h; name = AsciiStringUtil.hpp; path = ../src/AsciiStringUtil.hpp; sourceTree = "<group>"; };
		45E978431B34CE7500E11814 /* Kokko */ = {isa = PBXFileReference; explicitFileType = "compiled.mach-o.executable"; includeInIndex = 0; path = Kokko; sourceTree = BUILT_PRODUCTS_DIR; };
		45E978501B34CFA000E11814 /* CoreVideo.framework */ = {isa = PBXFileReference; lastKnownFileType = wrapper.framework; name = CoreVideo.framework; path = System/Library/Frameworks/CoreVideo.framework; sourceTree = SDKROOT; };
		45E978521B34CFA600E11814 /* IOKit.framework */ = {isa = PBXFileReference; lastKnownFileType = wrapper.framework; name = IOKit.framework; path = System/Library/Frameworks/IOKit.framework; sourceTree = SDKROOT; };
		45E978541B34CFB700E11814 /* OpenGL.framework */ = {isa = PBXFileReference; lastKnownFileType = wrapper.framework; name = OpenGL.framework; path = System/Library/Frameworks/OpenGL.framework; sourceTree = SDKROOT; };
		45E978561B34CFC100E11814 /* Cocoa.framework */ = {isa = PBXFileReference; lastKnownFileType = wrapper.framework; name = Cocoa.framework; path = System/Library/Frameworks/Cocoa.framework; sourceTree = SDKROOT; };
		45E978581B34CFC900E11814 /* libglfw3.a */ = {isa = PBXFileReference; lastKnownFileType = archive.ar; name = libglfw3.a; path = ../lib/glfw/libglfw3.a; sourceTree = "<group>"; };
/* End PBXFileReference section */

/* Begin PBXFrameworksBuildPhase section */
		45E978401B34CE7500E11814 /* Frameworks */ = {
			isa = PBXFrameworksBuildPhase;
			buildActionMask = 2147483647;
			files = (
				45E978591B34CFC900E11814 /* libglfw3.a in Frameworks */,
				45E978571B34CFC100E11814 /* Cocoa.framework in Frameworks */,
				45E978551B34CFB700E11814 /* OpenGL.framework in Frameworks */,
				45E978531B34CFA600E11814 /* IOKit.framework in Frameworks */,
				45E978511B34CFA000E11814 /* CoreVideo.framework in Frameworks */,
			);
			runOnlyForDeploymentPostprocessing = 0;
		};
/* End PBXFrameworksBuildPhase section */

/* Begin PBXGroup section */
		451949771CCC0E4B009DF07A /* Debug */ = {
			isa = PBXGroup;
			children = (
				451949781CCC0E95009DF07A /* DebugTextRenderer.cpp */,
				451949791CCC0E95009DF07A /* DebugTextRenderer.hpp */,
				4519497B1CCC0F14009DF07A /* BitmapFont.cpp */,
				4519497C1CCC0F14009DF07A /* BitmapFont.hpp */,
			);
			name = Debug;
			sourceTree = "<group>";
		};
		45238CB31D02206800DF2EB3 /* System */ = {
			isa = PBXGroup;
			children = (
				45A004FB1C933F43002D6134 /* KeyboardInput.cpp */,
				45A004FC1C933F43002D6134 /* KeyboardInput.hpp */,
				45A0050D1C933F43002D6134 /* PointerInput.cpp */,
				45A0050E1C933F43002D6134 /* PointerInput.hpp */,
				45A0051F1C933F43002D6134 /* Time.cpp */,
				45A005201C933F43002D6134 /* Time.hpp */,
				45A0052B1C933F43002D6134 /* Window.cpp */,
				45A0052C1C933F43002D6134 /* Window.hpp */,
			);
			name = System;
			sourceTree = "<group>";
		};
		454102E81C93479400D2841F /* Frameworks */ = {
			isa = PBXGroup;
			children = (
				45E978561B34CFC100E11814 /* Cocoa.framework */,
				45E978541B34CFB700E11814 /* OpenGL.framework */,
				45E978521B34CFA600E11814 /* IOKit.framework */,
				45E978501B34CFA000E11814 /* CoreVideo.framework */,
			);
			name = Frameworks;
			sourceTree = "<group>";
		};
		454102E91C93480B00D2841F /* Input */ = {
			isa = PBXGroup;
			children = (
			);
			name = Input;
			sourceTree = "<group>";
		};
		454102EA1C93488700D2841F /* Util */ = {
			isa = PBXGroup;
			children = (
				45CB910F1CDFD8D500FF12D2 /* AsciiStringUtil.cpp */,
				45CB91101CDFD8D500FF12D2 /* AsciiStringUtil.hpp */,
				45A004EA1C933F43002D6134 /* Buffer.hpp */,
				45A004EF1C933F43002D6134 /* Collection.hpp */,
				45A004F01C933F43002D6134 /* File.cpp */,
				45A004F11C933F43002D6134 /* File.hpp */,
				45A004F21C933F43002D6134 /* Hash.hpp */,
				45A004F51C933F43002D6134 /* ImmutableString.hpp */,
				45A004FA1C933F43002D6134 /* JsonReader.hpp */,
				45A005051C933F43002D6134 /* MemoryAmount.hpp */,
				45A0050A1C933F43002D6134 /* MultiArray.hpp */,
				45A0050B1C933F43002D6134 /* ObjectId.hpp */,
				45A005181C933F43002D6134 /* StackAllocation.cpp */,
				45A005191C933F43002D6134 /* StackAllocation.hpp */,
				45A0051A1C933F43002D6134 /* StackAllocator.cpp */,
				45A0051B1C933F43002D6134 /* StackAllocator.hpp */,
				45A0051C1C933F43002D6134 /* StringRef.hpp */,
				45A005291C933F43002D6134 /* VirtualMemory.cpp */,
				45A0052A1C933F43002D6134 /* VirtualMemory.hpp */,
				45C6E5D51CA762B3004B2F54 /* ValueSerialization.hpp */,
				4583750A1CFE242E00D37A1B /* Sort.hpp */,
			);
			name = Util;
			sourceTree = "<group>";
		};
		454102EB1C9348B000D2841F /* Math */ = {
			isa = PBXGroup;
			children = (
				45A004E91C933F43002D6134 /* BoundingBox.hpp */,
				45A004FE1C933F43002D6134 /* Mat2x2.hpp */,
				45A004FF1C933F43002D6134 /* Mat3x3.hpp */,
				45A005001C933F43002D6134 /* Mat4x4.hpp */,
				45A005031C933F43002D6134 /* Math.hpp */,
				45A005041C933F43002D6134 /* Matrix.hpp */,
				45A0050C1C933F43002D6134 /* Plane.hpp */,
				45A005211C933F43002D6134 /* Transform.hpp */,
				45A005221C933F43002D6134 /* Vec2.hpp */,
				45A005231C933F43002D6134 /* Vec3.hpp */,
				45A005241C933F43002D6134 /* Vec4.hpp */,
				45A005271C933F43002D6134 /* ViewFrustum.cpp */,
				45A005281C933F43002D6134 /* ViewFrustum.hpp */,
				45A0AC021CC8143B001F2564 /* Rectangle.hpp */,
			);
			name = Math;
			sourceTree = "<group>";
		};
		454102EC1C9348FD00D2841F /* Rendering */ = {
			isa = PBXGroup;
			children = (
				45A004EB1C933F43002D6134 /* Camera.cpp */,
				45A004EC1C933F43002D6134 /* Camera.hpp */,
				45A005011C933F43002D6134 /* Material.cpp */,
				45A005021C933F43002D6134 /* Material.hpp */,
				45A0050F1C933F43002D6134 /* Renderer.cpp */,
				45A005101C933F43002D6134 /* Renderer.hpp */,
				45A005111C933F43002D6134 /* RenderObject.hpp */,
				45A005161C933F43002D6134 /* Shader.cpp */,
				45A005171C933F43002D6134 /* Shader.hpp */,
				45A0051D1C933F43002D6134 /* Texture.cpp */,
				45A0051E1C933F43002D6134 /* Texture.hpp */,
				45A005251C933F43002D6134 /* VertexFormat.cpp */,
				45A005261C933F43002D6134 /* VertexFormat.hpp */,
				454ADD241CAB00740060443D /* FrustumCulling.cpp */,
				454ADD251CAB00740060443D /* FrustumCulling.hpp */,
			);
			name = Rendering;
			sourceTree = "<group>";
		};
		454102ED1C93491800D2841F /* Resources */ = {
			isa = PBXGroup;
			children = (
				45A004F31C933F43002D6134 /* ImageData.cpp */,
				45A004F41C933F43002D6134 /* ImageData.hpp */,
				45A005061C933F43002D6134 /* Mesh.cpp */,
				45A005071C933F43002D6134 /* Mesh.hpp */,
				45A005081C933F43002D6134 /* MeshLoader.cpp */,
				45A005091C933F43002D6134 /* MeshLoader.hpp */,
				45C6E5D21CA335EE004B2F54 /* ResourceManager.cpp */,
				45A005121C933F43002D6134 /* ResourceManager.hpp */,
			);
			name = Resources;
			sourceTree = "<group>";
		};
		456DE4941C95C7C200841AE3 /* Libraries */ = {
			isa = PBXGroup;
			children = (
				45E978581B34CFC900E11814 /* libglfw3.a */,
			);
			name = Libraries;
			sourceTree = "<group>";
		};
		45A004E61C933EFE002D6134 /* Source */ = {
			isa = PBXGroup;
			children = (
				451949771CCC0E4B009DF07A /* Debug */,
				454102E91C93480B00D2841F /* Input */,
				454102EB1C9348B000D2841F /* Math */,
				454102EC1C9348FD00D2841F /* Rendering */,
				454102ED1C93491800D2841F /* Resources */,
				45238CB31D02206800DF2EB3 /* System */,
				454102EA1C93488700D2841F /* Util */,
				45A004FD1C933F43002D6134 /* main.cpp */,
				45A004E71C933F43002D6134 /* App.cpp */,
				45A004E81C933F43002D6134 /* App.hpp */,
				45A004ED1C933F43002D6134 /* CameraController.cpp */,
				45A004EE1C933F43002D6134 /* CameraController.hpp */,
				45A005131C933F43002D6134 /* Scene.cpp */,
				45A005141C933F43002D6134 /* Scene.hpp */,
			);
			name = Source;
			sourceTree = "<group>";
		};
		45E9783A1B34CE7500E11814 = {
			isa = PBXGroup;
			children = (
				456DE4941C95C7C200841AE3 /* Libraries */,
				454102E81C93479400D2841F /* Frameworks */,
				45A004E61C933EFE002D6134 /* Source */,
				45E978441B34CE7500E11814 /* Products */,
				454102E71C93476E00D2841F /* include */,
				454102E61C93473100D2841F /* res */,
			);
			sourceTree = "<group>";
		};
		45E978441B34CE7500E11814 /* Products */ = {
			isa = PBXGroup;
			children = (
				45E978431B34CE7500E11814 /* Kokko */,
			);
			name = Products;
			sourceTree = "<group>";
		};
/* End PBXGroup section */

/* Begin PBXNativeTarget section */
		45E978421B34CE7500E11814 /* Kokko */ = {
			isa = PBXNativeTarget;
			buildConfigurationList = 45E9784A1B34CE7500E11814 /* Build configuration list for PBXNativeTarget "Kokko" */;
			buildPhases = (
				45E9783F1B34CE7500E11814 /* Sources */,
				45E978401B34CE7500E11814 /* Frameworks */,
				45E978411B34CE7500E11814 /* CopyFiles */,
			);
			buildRules = (
			);
			dependencies = (
			);
			name = Kokko;
			productName = GraphicsToolkit;
			productReference = 45E978431B34CE7500E11814 /* Kokko */;
			productType = "com.apple.product-type.tool";
		};
/* End PBXNativeTarget section */

/* Begin PBXProject section */
		45E9783B1B34CE7500E11814 /* Project object */ = {
			isa = PBXProject;
			attributes = {
				LastUpgradeCheck = 0700;
				ORGANIZATIONNAME = "Aleksi Grön";
				TargetAttributes = {
					45E978421B34CE7500E11814 = {
						CreatedOnToolsVersion = 6.3.2;
					};
				};
			};
			buildConfigurationList = 45E9783E1B34CE7500E11814 /* Build configuration list for PBXProject "Kokko" */;
			compatibilityVersion = "Xcode 3.2";
			developmentRegion = English;
			hasScannedForEncodings = 0;
			knownRegions = (
				en,
			);
			mainGroup = 45E9783A1B34CE7500E11814;
			productRefGroup = 45E978441B34CE7500E11814 /* Products */;
			projectDirPath = "";
			projectRoot = "";
			targets = (
				45E978421B34CE7500E11814 /* Kokko */,
			);
		};
/* End PBXProject section */

/* Begin PBXSourcesBuildPhase section */
		45E9783F1B34CE7500E11814 /* Sources */ = {
			isa = PBXSourcesBuildPhase;
			buildActionMask = 2147483647;
			files = (
				45A0052E1C933F43002D6134 /* Camera.cpp in Sources */,
				454ADD261CAB00740060443D /* FrustumCulling.cpp in Sources */,
				45A0053C1C933F43002D6134 /* Shader.cpp in Sources */,
				4519497D1CCC0F14009DF07A /* BitmapFont.cpp in Sources */,
				45A005381C933F43002D6134 /* MeshLoader.cpp in Sources */,
				45A005341C933F43002D6134 /* KeyboardInput.cpp in Sources */,
				45CB91111CDFD8D500FF12D2 /* AsciiStringUtil.cpp in Sources */,
				45C6E5D31CA335EE004B2F54 /* ResourceManager.cpp in Sources */,
				45A0053D1C933F43002D6134 /* StackAllocation.cpp in Sources */,
				45A0053E1C933F43002D6134 /* StackAllocator.cpp in Sources */,
				45A005441C933F43002D6134 /* Window.cpp in Sources */,
				45A005301C933F43002D6134 /* File.cpp in Sources */,
				45A0052F1C933F43002D6134 /* CameraController.cpp in Sources */,
				45A005311C933F43002D6134 /* ImageData.cpp in Sources */,
				45A005401C933F43002D6134 /* Time.cpp in Sources */,
				45A005371C933F43002D6134 /* Mesh.cpp in Sources */,
				45A0053F1C933F43002D6134 /* Texture.cpp in Sources */,
				45A0053B1C933F43002D6134 /* Scene.cpp in Sources */,
				45A0052D1C933F43002D6134 /* App.cpp in Sources */,
				45A005391C933F43002D6134 /* PointerInput.cpp in Sources */,
				45A005351C933F43002D6134 /* main.cpp in Sources */,
				45A005431C933F43002D6134 /* VirtualMemory.cpp in Sources */,
				45A005411C933F43002D6134 /* VertexFormat.cpp in Sources */,
				45A005421C933F43002D6134 /* ViewFrustum.cpp in Sources */,
				45A0053A1C933F43002D6134 /* Renderer.cpp in Sources */,
				45A005361C933F43002D6134 /* Material.cpp in Sources */,
				4519497A1CCC0E95009DF07A /* DebugTextRenderer.cpp in Sources */,
			);
			runOnlyForDeploymentPostprocessing = 0;
		};
/* End PBXSourcesBuildPhase section */

/* Begin XCBuildConfiguration section */
		45E978481B34CE7500E11814 /* Debug */ = {
			isa = XCBuildConfiguration;
			buildSettings = {
				ALWAYS_SEARCH_USER_PATHS = YES;
				CLANG_CXX_LANGUAGE_STANDARD = "c++14";
				CLANG_CXX_LIBRARY = "libc++";
				CLANG_ENABLE_MODULES = YES;
				CLANG_ENABLE_OBJC_ARC = YES;
				CLANG_WARN_BOOL_CONVERSION = YES;
				CLANG_WARN_CONSTANT_CONVERSION = YES;
				CLANG_WARN_DIRECT_OBJC_ISA_USAGE = YES_ERROR;
				CLANG_WARN_EMPTY_BODY = YES;
				CLANG_WARN_ENUM_CONVERSION = YES;
				CLANG_WARN_INT_CONVERSION = YES;
				CLANG_WARN_OBJC_ROOT_CLASS = YES_ERROR;
				CLANG_WARN_UNREACHABLE_CODE = YES;
				CLANG_WARN__DUPLICATE_METHOD_MATCH = YES;
				COPY_PHASE_STRIP = NO;
				DEBUG_INFORMATION_FORMAT = dwarf;
				ENABLE_STRICT_OBJC_MSGSEND = YES;
				ENABLE_TESTABILITY = YES;
				GCC_C_LANGUAGE_STANDARD = c11;
				GCC_DYNAMIC_NO_PIC = NO;
				GCC_NO_COMMON_BLOCKS = YES;
				GCC_OPTIMIZATION_LEVEL = 0;
				GCC_PREPROCESSOR_DEFINITIONS = (
					"DEBUG=1",
					"$(inherited)",
				);
				GCC_SYMBOLS_PRIVATE_EXTERN = NO;
				GCC_WARN_64_TO_32_BIT_CONVERSION = YES;
				GCC_WARN_ABOUT_RETURN_TYPE = YES_ERROR;
				GCC_WARN_UNDECLARED_SELECTOR = YES;
				GCC_WARN_UNINITIALIZED_AUTOS = YES_AGGRESSIVE;
				GCC_WARN_UNUSED_FUNCTION = YES;
				GCC_WARN_UNUSED_VARIABLE = YES;
				HEADER_SEARCH_PATHS = "";
				LIBRARY_SEARCH_PATHS = "$(PROJECT_DIR)/../lib/glfw";
				MACOSX_DEPLOYMENT_TARGET = 10.10;
				MTL_ENABLE_DEBUG_INFO = YES;
				ONLY_ACTIVE_ARCH = YES;
				SDKROOT = macosx;
				USER_HEADER_SEARCH_PATHS = "$(PROJECT_DIR)/../include";
				WARNING_CFLAGS = (
					"-Weverything",
					"-Wno-padded",
					"-Wno-c++98-compat",
					"-Wno-c++98-compat-pedantic",
					"-Wno-documentation",
				);
			};
			name = Debug;
		};
		45E978491B34CE7500E11814 /* Release */ = {
			isa = XCBuildConfiguration;
			buildSettings = {
				ALWAYS_SEARCH_USER_PATHS = YES;
				CLANG_CXX_LANGUAGE_STANDARD = "c++14";
				CLANG_CXX_LIBRARY = "libc++";
				CLANG_ENABLE_MODULES = YES;
				CLANG_ENABLE_OBJC_ARC = YES;
				CLANG_WARN_BOOL_CONVERSION = YES;
				CLANG_WARN_CONSTANT_CONVERSION = YES;
				CLANG_WARN_DIRECT_OBJC_ISA_USAGE = YES_ERROR;
				CLANG_WARN_EMPTY_BODY = YES;
				CLANG_WARN_ENUM_CONVERSION = YES;
				CLANG_WARN_INT_CONVERSION = YES;
				CLANG_WARN_OBJC_ROOT_CLASS = YES_ERROR;
				CLANG_WARN_UNREACHABLE_CODE = YES;
				CLANG_WARN__DUPLICATE_METHOD_MATCH = YES;
				COPY_PHASE_STRIP = NO;
				DEBUG_INFORMATION_FORMAT = "dwarf-with-dsym";
				ENABLE_NS_ASSERTIONS = NO;
				ENABLE_STRICT_OBJC_MSGSEND = YES;
				GCC_C_LANGUAGE_STANDARD = c11;
				GCC_NO_COMMON_BLOCKS = YES;
				GCC_WARN_64_TO_32_BIT_CONVERSION = YES;
				GCC_WARN_ABOUT_RETURN_TYPE = YES_ERROR;
				GCC_WARN_UNDECLARED_SELECTOR = YES;
				GCC_WARN_UNINITIALIZED_AUTOS = YES_AGGRESSIVE;
				GCC_WARN_UNUSED_FUNCTION = YES;
				GCC_WARN_UNUSED_VARIABLE = YES;
				HEADER_SEARCH_PATHS = "";
				LIBRARY_SEARCH_PATHS = "$(PROJECT_DIR)/../lib/glfw";
				MACOSX_DEPLOYMENT_TARGET = 10.10;
				MTL_ENABLE_DEBUG_INFO = NO;
				SDKROOT = macosx;
				USER_HEADER_SEARCH_PATHS = "$(PROJECT_DIR)/../include";
				WARNING_CFLAGS = (
					"-Weverything",
					"-Wno-padded",
					"-Wno-c++98-compat",
					"-Wno-c++98-compat-pedantic",
					"-Wno-documentation",
				);
			};
			name = Release;
		};
		45E9784B1B34CE7500E11814 /* Debug */ = {
			isa = XCBuildConfiguration;
			buildSettings = {
				CLANG_CXX_LANGUAGE_STANDARD = "c++14";
				LIBRARY_SEARCH_PATHS = "$(inherited)";
				PRODUCT_NAME = Kokko;
				USER_HEADER_SEARCH_PATHS = "$(inherited)";
			};
			name = Debug;
		};
		45E9784C1B34CE7500E11814 /* Release */ = {
			isa = XCBuildConfiguration;
			buildSettings = {
				CLANG_CXX_LANGUAGE_STANDARD = "c++14";
				LIBRARY_SEARCH_PATHS = "$(inherited)";
				PRODUCT_NAME = Kokko;
				USER_HEADER_SEARCH_PATHS = "$(inherited)";
			};
			name = Release;
		};
/* End XCBuildConfiguration section */

/* Begin XCConfigurationList section */
		45E9783E1B34CE7500E11814 /* Build configuration list for PBXProject "Kokko" */ = {
			isa = XCConfigurationList;
			buildConfigurations = (
				45E978481B34CE7500E11814 /* Debug */,
				45E978491B34CE7500E11814 /* Release */,
			);
			defaultConfigurationIsVisible = 0;
			defaultConfigurationName = Release;
		};
		45E9784A1B34CE7500E11814 /* Build configuration list for PBXNativeTarget "Kokko" */ = {
			isa = XCConfigurationList;
			buildConfigurations = (
				45E9784B1B34CE7500E11814 /* Debug */,
				45E9784C1B34CE7500E11814 /* Release */,
			);
			defaultConfigurationIsVisible = 0;
			defaultConfigurationName = Release;
		};
/* End XCConfigurationList section */
	};
	rootObject = 45E9783B1B34CE7500E11814 /* Project object */;
}
